lockfileVersion: 5.4

specifiers:
  '@types/node': ^17.0.31
  axios: ^0.21.4
  flat: ^5.0.2
  protocol-buffers-encodings: ^1.1.1
  typescript: ^4.6.4
  user-agents: ^1.0.778
  uuid: ^8.3.2

dependencies:
  axios: 0.21.4
  flat: 5.0.2
  protocol-buffers-encodings: 1.1.1
  user-agents: 1.0.1010
  uuid: 8.3.2

devDependencies:
  '@types/node': 17.0.31
  typescript: 4.6.4

packages:

  /@types/node/17.0.31:
    resolution: {integrity: sha512-AR0x5HbXGqkEx9CadRH3EBYx/VkiUgZIhP4wvPn/+5KIsgpNoyFaRlVe0Zlx9gRtg8fA06a9tskE2MSN7TcG4Q==}
    dev: true

  /axios/0.21.4:
    resolution: {integrity: sha512-ut5vewkiu8jjGBdqpM44XxjuCjq9LAKeHVmoVfHVzy8eHgxxq8SbAVQNovDA8mVi05kP0Ea/n/UzcSHcTJQfNg==}
    dependencies:
      follow-redirects: 1.15.0
    transitivePeerDependencies:
      - debug
    dev: false

  /detect-indent/6.0.0:
    resolution: {integrity: sha512-oSyFlqaTHCItVRGK5RmrmjB+CmaMOW7IaNA/kdxqhoa6d17j/5ce9O9eWXmV/KEdRwqpQA+Vqe8a8Bsybu4YnA==}
    engines: {node: '>=8'}
    dev: false

  /docopt/0.6.2:
    resolution: {integrity: sha1-so6eIiDaXsSffqW7JKR3h0Be6xE=}
    engines: {node: '>=0.10.0'}
    dev: false

  /dot-json/1.2.2:
    resolution: {integrity: sha512-AKL+GsO4wSEU4LU+fAk/PqN4nQ6PB1vT3HpMiZous9xCzK5S0kh4DzfUY0EfU67jsIXLlu0ty71659N9Nmg+Tw==}
    hasBin: true
    dependencies:
      detect-indent: 6.0.0
      docopt: 0.6.2
      underscore-keypath: 0.0.22
    dev: false

  /flat/5.0.2:
    resolution: {integrity: sha512-b6suED+5/3rTpUBdG1gupIl8MPFCAMA0QXwmljLhvCUKcUvdE4gWky9zpuGCcXHOsz4J9wPGNWq6OKpmIzz3hQ==}
    hasBin: true
    dev: false

  /follow-redirects/1.15.0:
    resolution: {integrity: sha512-aExlJShTV4qOUOL7yF1U5tvLCB0xQuudbf6toyYA0E/acBNw71mvjFTnLaRp50aQaYocMR0a/RMMBIHeZnGyjQ==}
    engines: {node: '>=4.0'}
    peerDependencies:
      debug: '*'
    peerDependenciesMeta:
      debug:
        optional: true
    dev: false

  /lodash.clonedeep/4.5.0:
    resolution: {integrity: sha1-4j8/nE+Pvd6HJSnBBxhXoIblzO8=}
    dev: false

  /protocol-buffers-encodings/1.1.1:
    resolution: {integrity: sha512-5aFshI9SbhtcMiDiZZu3g2tMlZeS5lhni//AGJ7V34PQLU5JA91Cva7TIs6inZhYikS3OpnUzAUuL6YtS0CyDA==}
    dependencies:
      signed-varint: 2.0.1
      varint: 5.0.0
    dev: false

  /signed-varint/2.0.1:
    resolution: {integrity: sha1-UKmYnafJjCxh2tEZvJdHDvhSgSk=}
    dependencies:
      varint: 5.0.0
    dev: false

  /typescript/4.6.4:
    resolution: {integrity: sha512-9ia/jWHIEbo49HfjrLGfKbZSuWo9iTMwXO+Ca3pRsSpbsMbc7/IU8NKdCZVRRBafVPGnoJeFL76ZOAA84I9fEg==}
    engines: {node: '>=4.2.0'}
    hasBin: true
    dev: true

  /underscore-keypath/0.0.22:
    resolution: {integrity: sha1-SKUoOSu278QkvhyqVtpLX6zPJk0=}
    dependencies:
      underscore: 1.13.3
    dev: false

  /underscore/1.13.3:
    resolution: {integrity: sha512-QvjkYpiD+dJJraRA8+dGAU4i7aBbb2s0S3jA45TFOvg2VgqvdCDd/3N6CqA8gluk1W91GLoXg5enMUx560QzuA==}
    dev: false

  /user-agents/1.0.1010:
    resolution: {integrity: sha512-hFILFCBGQcDwQLjl3qbeX3409ZSICHc3dai8dzTAx4rpAS0Q6Fz/n3okPTfrZ4IlwUUHSwBIf5k1uGLU7uT4zg==}
    dependencies:
      dot-json: 1.2.2
      lodash.clonedeep: 4.5.0
    dev: false

  /uuid/8.3.2:
    resolution: {integrity: sha512-+NYs2QeMWy+GWFOEm9xnn6HCDp0l7QBD7ml8zLUmJ+93Q5NF0NocErnwkTkXVFNiX3/fpC6afS8Dhb/gz7R7eg==}
    hasBin: true
    dev: false

  /varint/5.0.0:
    resolution: {integrity: sha1-2Ca4n3SQcy+rwMDtaT7Uddyynr8=}
    dev: false
